// !$*UTF8*$!
{
	archiveVersion = 1;
	classes = {
	};
	objectVersion = 48;
	objects = {

/* Begin PBXBuildFile section */
		27B9D6272AFE29E900F2267E /* EZPlayerWindowView.swift in Sources */ = {isa = PBXBuildFile; fileRef = 27B9D6092AFE29E900F2267E /* EZPlayerWindowView.swift */; };
		27B9D6282AFE29E900F2267E /* EZPlayer.swift in Sources */ = {isa = PBXBuildFile; fileRef = 27B9D60A2AFE29E900F2267E /* EZPlayer.swift */; };
		27B9D6292AFE29E900F2267E /* EZPlayerControlView.swift in Sources */ = {isa = PBXBuildFile; fileRef = 27B9D60B2AFE29E900F2267E /* EZPlayerControlView.swift */; };
		27B9D62A2AFE29E900F2267E /* Delay.swift in Sources */ = {isa = PBXBuildFile; fileRef = 27B9D60C2AFE29E900F2267E /* Delay.swift */; };
		27B9D62B2AFE29E900F2267E /* EZPlayerUtils.swift in Sources */ = {isa = PBXBuildFile; fileRef = 27B9D60D2AFE29E900F2267E /* EZPlayerUtils.swift */; };
		27B9D62C2AFE29E900F2267E /* EZPlayerFullScreenViewController.swift in Sources */ = {isa = PBXBuildFile; fileRef = 27B9D60E2AFE29E900F2267E /* EZPlayerFullScreenViewController.swift */; };
		27B9D62D2AFE29E900F2267E /* EZPlayerAudibleLegibleViewController.swift in Sources */ = {isa = PBXBuildFile; fileRef = 27B9D6102AFE29E900F2267E /* EZPlayerAudibleLegibleViewController.swift */; };
		27B9D62E2AFE29E900F2267E /* EZPlayerTransportExtension.swift in Sources */ = {isa = PBXBuildFile; fileRef = 27B9D6112AFE29E900F2267E /* EZPlayerTransportExtension.swift */; };
		27B9D62F2AFE29E900F2267E /* EZPlayerDelegate.swift in Sources */ = {isa = PBXBuildFile; fileRef = 27B9D6122AFE29E900F2267E /* EZPlayerDelegate.swift */; };
		27B9D6302AFE29E900F2267E /* EZPlayerView.swift in Sources */ = {isa = PBXBuildFile; fileRef = 27B9D6142AFE29E900F2267E /* EZPlayerView.swift */; };
		27B9D6312AFE29E900F2267E /* AVPlayer+EZPlayer.swift in Sources */ = {isa = PBXBuildFile; fileRef = 27B9D6172AFE29E900F2267E /* AVPlayer+EZPlayer.swift */; };
		27B9D6322AFE29E900F2267E /* EZPlayerWindowContainer.swift in Sources */ = {isa = PBXBuildFile; fileRef = 27B9D6182AFE29E900F2267E /* EZPlayerWindowContainer.swift */; };
		27B9D6332AFE29E900F2267E /* EZPlayerContentItem.swift in Sources */ = {isa = PBXBuildFile; fileRef = 27B9D6192AFE29E900F2267E /* EZPlayerContentItem.swift */; };
		27B9D6342AFE29E900F2267E /* EZPlayerFairPlayResourceLoaderDelegate.swift in Sources */ = {isa = PBXBuildFile; fileRef = 27B9D61A2AFE29E900F2267E /* EZPlayerFairPlayResourceLoaderDelegate.swift */; };
		27B9D6352AFE29E900F2267E /* EZPlayerLoading.swift in Sources */ = {isa = PBXBuildFile; fileRef = 27B9D61B2AFE29E900F2267E /* EZPlayerLoading.swift */; };
		27B9D6362AFE29E900F2267E /* EZPlayerWindowContainerRootViewController.swift in Sources */ = {isa = PBXBuildFile; fileRef = 27B9D61C2AFE29E900F2267E /* EZPlayerWindowContainerRootViewController.swift */; };
		27B9D6372AFE29E900F2267E /* EZPlayerThumbnail.swift in Sources */ = {isa = PBXBuildFile; fileRef = 27B9D61D2AFE29E900F2267E /* EZPlayerThumbnail.swift */; };
		27B9D6382AFE29E900F2267E /* AVPlayerItem+EZPlayer.swift in Sources */ = {isa = PBXBuildFile; fileRef = 27B9D61F2AFE29E900F2267E /* AVPlayerItem+EZPlayer.swift */; };
		27B9D6392AFE29E900F2267E /* EZPlayerTransport.swift in Sources */ = {isa = PBXBuildFile; fileRef = 27B9D6202AFE29E900F2267E /* EZPlayerTransport.swift */; };
		27B9D63A2AFE29E900F2267E /* EZPlayerAVAssetResourceLoaderDelegate.swift in Sources */ = {isa = PBXBuildFile; fileRef = 27B9D6212AFE29E900F2267E /* EZPlayerAVAssetResourceLoaderDelegate.swift */; };
		27B9D63B2AFE29E900F2267E /* Timer+EZPlayer.swift in Sources */ = {isa = PBXBuildFile; fileRef = 27B9D6222AFE29E900F2267E /* Timer+EZPlayer.swift */; };
		27B9D63C2AFE29E900F2267E /* EZPlayerNotification.swift in Sources */ = {isa = PBXBuildFile; fileRef = 27B9D6242AFE29E900F2267E /* EZPlayerNotification.swift */; };
		27B9D63D2AFE29E900F2267E /* AVAsset+EZPlayer.swift in Sources */ = {isa = PBXBuildFile; fileRef = 27B9D6262AFE29E900F2267E /* AVAsset+EZPlayer.swift */; };
		27B9D6442AFE2B8E00F2267E /* XibLoader.swift in Sources */ = {isa = PBXBuildFile; fileRef = 27B9D6432AFE2B8E00F2267E /* XibLoader.swift */; };
		27B9D6562AFF1A0600F2267E /* EZPlayerAudibleLegibleViewController.xib in Resources */ = {isa = PBXBuildFile; fileRef = 27B9D6162AFE29E900F2267E /* EZPlayerAudibleLegibleViewController.xib */; };
		27B9D6572AFF1A0600F2267E /* EZPlayerControlView.xib in Resources */ = {isa = PBXBuildFile; fileRef = 27B9D61E2AFE29E900F2267E /* EZPlayerControlView.xib */; };
		27B9D6582AFF1A0600F2267E /* EZPlayerWindowContainerRootViewController.xib in Resources */ = {isa = PBXBuildFile; fileRef = 27B9D6132AFE29E900F2267E /* EZPlayerWindowContainerRootViewController.xib */; };
		27B9D6592AFF1A0600F2267E /* EZPlayerWindowView.xib in Resources */ = {isa = PBXBuildFile; fileRef = 27B9D6232AFE29E900F2267E /* EZPlayerWindowView.xib */; };
		27B9D65B2AFF1E8900F2267E /* EZPlayer.bundle in Resources */ = {isa = PBXBuildFile; fileRef = 27B9D65A2AFF1E8900F2267E /* EZPlayer.bundle */; };
		A6C55B941FA4614D00876D6C /* EZRNPlayerViewManager.swift in Sources */ = {isa = PBXBuildFile; fileRef = A6C55B901FA4614C00876D6C /* EZRNPlayerViewManager.swift */; };
		A6C55B951FA4614D00876D6C /* EZRNPlayerView.swift in Sources */ = {isa = PBXBuildFile; fileRef = A6C55B911FA4614D00876D6C /* EZRNPlayerView.swift */; };
		A6C55B961FA4614D00876D6C /* EZRNPlayerViewBridge.m in Sources */ = {isa = PBXBuildFile; fileRef = A6C55B931FA4614D00876D6C /* EZRNPlayerViewBridge.m */; };
/* End PBXBuildFile section */

/* Begin PBXCopyFilesBuildPhase section */
		A6C55B6A1FA43E8300876D6C /* CopyFiles */ = {
			isa = PBXCopyFilesBuildPhase;
			buildActionMask = 2147483647;
			dstPath = "include/$(PRODUCT_NAME)";
			dstSubfolderSpec = 16;
			files = (
			);
			runOnlyForDeploymentPostprocessing = 0;
		};
/* End PBXCopyFilesBuildPhase section */

/* Begin PBXFileReference section */
		27B9D6092AFE29E900F2267E /* EZPlayerWindowView.swift */ = {isa = PBXFileReference; fileEncoding = 4; lastKnownFileType = sourcecode.swift; path = EZPlayerWindowView.swift; sourceTree = "<group>"; };
		27B9D60A2AFE29E900F2267E /* EZPlayer.swift */ = {isa = PBXFileReference; fileEncoding = 4; lastKnownFileType = sourcecode.swift; path = EZPlayer.swift; sourceTree = "<group>"; };
		27B9D60B2AFE29E900F2267E /* EZPlayerControlView.swift */ = {isa = PBXFileReference; fileEncoding = 4; lastKnownFileType = sourcecode.swift; path = EZPlayerControlView.swift; sourceTree = "<group>"; };
		27B9D60C2AFE29E900F2267E /* Delay.swift */ = {isa = PBXFileReference; fileEncoding = 4; lastKnownFileType = sourcecode.swift; path = Delay.swift; sourceTree = "<group>"; };
		27B9D60D2AFE29E900F2267E /* EZPlayerUtils.swift */ = {isa = PBXFileReference; fileEncoding = 4; lastKnownFileType = sourcecode.swift; path = EZPlayerUtils.swift; sourceTree = "<group>"; };
		27B9D60E2AFE29E900F2267E /* EZPlayerFullScreenViewController.swift */ = {isa = PBXFileReference; fileEncoding = 4; lastKnownFileType = sourcecode.swift; path = EZPlayerFullScreenViewController.swift; sourceTree = "<group>"; };
		27B9D60F2AFE29E900F2267E /* EZPlayer.xcassets */ = {isa = PBXFileReference; lastKnownFileType = folder.assetcatalog; path = EZPlayer.xcassets; sourceTree = "<group>"; };
		27B9D6102AFE29E900F2267E /* EZPlayerAudibleLegibleViewController.swift */ = {isa = PBXFileReference; fileEncoding = 4; lastKnownFileType = sourcecode.swift; path = EZPlayerAudibleLegibleViewController.swift; sourceTree = "<group>"; };
		27B9D6112AFE29E900F2267E /* EZPlayerTransportExtension.swift */ = {isa = PBXFileReference; fileEncoding = 4; lastKnownFileType = sourcecode.swift; path = EZPlayerTransportExtension.swift; sourceTree = "<group>"; };
		27B9D6122AFE29E900F2267E /* EZPlayerDelegate.swift */ = {isa = PBXFileReference; fileEncoding = 4; lastKnownFileType = sourcecode.swift; path = EZPlayerDelegate.swift; sourceTree = "<group>"; };
		27B9D6132AFE29E900F2267E /* EZPlayerWindowContainerRootViewController.xib */ = {isa = PBXFileReference; fileEncoding = 4; lastKnownFileType = file.xib; path = EZPlayerWindowContainerRootViewController.xib; sourceTree = "<group>"; };
		27B9D6142AFE29E900F2267E /* EZPlayerView.swift */ = {isa = PBXFileReference; fileEncoding = 4; lastKnownFileType = sourcecode.swift; path = EZPlayerView.swift; sourceTree = "<group>"; };
		27B9D6152AFE29E900F2267E /* EZPlayer.h */ = {isa = PBXFileReference; fileEncoding = 4; lastKnownFileType = sourcecode.c.h; path = EZPlayer.h; sourceTree = "<group>"; };
		27B9D6162AFE29E900F2267E /* EZPlayerAudibleLegibleViewController.xib */ = {isa = PBXFileReference; fileEncoding = 4; lastKnownFileType = file.xib; path = EZPlayerAudibleLegibleViewController.xib; sourceTree = "<group>"; };
		27B9D6172AFE29E900F2267E /* AVPlayer+EZPlayer.swift */ = {isa = PBXFileReference; fileEncoding = 4; lastKnownFileType = sourcecode.swift; path = "AVPlayer+EZPlayer.swift"; sourceTree = "<group>"; };
		27B9D6182AFE29E900F2267E /* EZPlayerWindowContainer.swift */ = {isa = PBXFileReference; fileEncoding = 4; lastKnownFileType = sourcecode.swift; path = EZPlayerWindowContainer.swift; sourceTree = "<group>"; };
		27B9D6192AFE29E900F2267E /* EZPlayerContentItem.swift */ = {isa = PBXFileReference; fileEncoding = 4; lastKnownFileType = sourcecode.swift; path = EZPlayerContentItem.swift; sourceTree = "<group>"; };
		27B9D61A2AFE29E900F2267E /* EZPlayerFairPlayResourceLoaderDelegate.swift */ = {isa = PBXFileReference; fileEncoding = 4; lastKnownFileType = sourcecode.swift; path = EZPlayerFairPlayResourceLoaderDelegate.swift; sourceTree = "<group>"; };
		27B9D61B2AFE29E900F2267E /* EZPlayerLoading.swift */ = {isa = PBXFileReference; fileEncoding = 4; lastKnownFileType = sourcecode.swift; path = EZPlayerLoading.swift; sourceTree = "<group>"; };
		27B9D61C2AFE29E900F2267E /* EZPlayerWindowContainerRootViewController.swift */ = {isa = PBXFileReference; fileEncoding = 4; lastKnownFileType = sourcecode.swift; path = EZPlayerWindowContainerRootViewController.swift; sourceTree = "<group>"; };
		27B9D61D2AFE29E900F2267E /* EZPlayerThumbnail.swift */ = {isa = PBXFileReference; fileEncoding = 4; lastKnownFileType = sourcecode.swift; path = EZPlayerThumbnail.swift; sourceTree = "<group>"; };
		27B9D61E2AFE29E900F2267E /* EZPlayerControlView.xib */ = {isa = PBXFileReference; fileEncoding = 4; lastKnownFileType = file.xib; path = EZPlayerControlView.xib; sourceTree = "<group>"; };
		27B9D61F2AFE29E900F2267E /* AVPlayerItem+EZPlayer.swift */ = {isa = PBXFileReference; fileEncoding = 4; lastKnownFileType = sourcecode.swift; path = "AVPlayerItem+EZPlayer.swift"; sourceTree = "<group>"; };
		27B9D6202AFE29E900F2267E /* EZPlayerTransport.swift */ = {isa = PBXFileReference; fileEncoding = 4; lastKnownFileType = sourcecode.swift; path = EZPlayerTransport.swift; sourceTree = "<group>"; };
		27B9D6212AFE29E900F2267E /* EZPlayerAVAssetResourceLoaderDelegate.swift */ = {isa = PBXFileReference; fileEncoding = 4; lastKnownFileType = sourcecode.swift; path = EZPlayerAVAssetResourceLoaderDelegate.swift; sourceTree = "<group>"; };
		27B9D6222AFE29E900F2267E /* Timer+EZPlayer.swift */ = {isa = PBXFileReference; fileEncoding = 4; lastKnownFileType = sourcecode.swift; path = "Timer+EZPlayer.swift"; sourceTree = "<group>"; };
		27B9D6232AFE29E900F2267E /* EZPlayerWindowView.xib */ = {isa = PBXFileReference; fileEncoding = 4; lastKnownFileType = file.xib; path = EZPlayerWindowView.xib; sourceTree = "<group>"; };
		27B9D6242AFE29E900F2267E /* EZPlayerNotification.swift */ = {isa = PBXFileReference; fileEncoding = 4; lastKnownFileType = sourcecode.swift; path = EZPlayerNotification.swift; sourceTree = "<group>"; };
		27B9D6262AFE29E900F2267E /* AVAsset+EZPlayer.swift */ = {isa = PBXFileReference; fileEncoding = 4; lastKnownFileType = sourcecode.swift; path = "AVAsset+EZPlayer.swift"; sourceTree = "<group>"; };
		27B9D6432AFE2B8E00F2267E /* XibLoader.swift */ = {isa = PBXFileReference; lastKnownFileType = sourcecode.swift; path = XibLoader.swift; sourceTree = "<group>"; };
		27B9D65A2AFF1E8900F2267E /* EZPlayer.bundle */ = {isa = PBXFileReference; lastKnownFileType = file; path = EZPlayer.bundle; sourceTree = "<group>"; };
		A6C55B6C1FA43E8300876D6C /* libreact-native-ezplayer.a */ = {isa = PBXFileReference; explicitFileType = archive.ar; includeInIndex = 0; path = "libreact-native-ezplayer.a"; sourceTree = BUILT_PRODUCTS_DIR; };
		A6C55B8F1FA4614C00876D6C /* react-native-ezplayer-Bridging-Header.h */ = {isa = PBXFileReference; lastKnownFileType = sourcecode.c.h; path = "react-native-ezplayer-Bridging-Header.h"; sourceTree = "<group>"; };
		A6C55B901FA4614C00876D6C /* EZRNPlayerViewManager.swift */ = {isa = PBXFileReference; fileEncoding = 4; lastKnownFileType = sourcecode.swift; path = EZRNPlayerViewManager.swift; sourceTree = "<group>"; };
		A6C55B911FA4614D00876D6C /* EZRNPlayerView.swift */ = {isa = PBXFileReference; fileEncoding = 4; lastKnownFileType = sourcecode.swift; path = EZRNPlayerView.swift; sourceTree = "<group>"; };
		A6C55B921FA4614D00876D6C /* EZRNPlayerViewBridge.h */ = {isa = PBXFileReference; fileEncoding = 4; lastKnownFileType = sourcecode.c.h; path = EZRNPlayerViewBridge.h; sourceTree = "<group>"; };
		A6C55B931FA4614D00876D6C /* EZRNPlayerViewBridge.m */ = {isa = PBXFileReference; fileEncoding = 4; lastKnownFileType = sourcecode.c.objc; path = EZRNPlayerViewBridge.m; sourceTree = "<group>"; };
/* End PBXFileReference section */

/* Begin PBXFrameworksBuildPhase section */
		A6C55B691FA43E8300876D6C /* Frameworks */ = {
			isa = PBXFrameworksBuildPhase;
			buildActionMask = 2147483647;
			files = (
			);
			runOnlyForDeploymentPostprocessing = 0;
		};
/* End PBXFrameworksBuildPhase section */

/* Begin PBXGroup section */
		220B1F238342F62F5FB1EE46 /* Frameworks */ = {
			isa = PBXGroup;
			children = (
			);
			name = Frameworks;
			sourceTree = "<group>";
		};
		27B9D6082AFE29E900F2267E /* EZPlayer */ = {
			isa = PBXGroup;
			children = (
				27B9D65A2AFF1E8900F2267E /* EZPlayer.bundle */,
				27B9D6262AFE29E900F2267E /* AVAsset+EZPlayer.swift */,
				27B9D6172AFE29E900F2267E /* AVPlayer+EZPlayer.swift */,
				27B9D61F2AFE29E900F2267E /* AVPlayerItem+EZPlayer.swift */,
				27B9D60C2AFE29E900F2267E /* Delay.swift */,
				27B9D6152AFE29E900F2267E /* EZPlayer.h */,
				27B9D60A2AFE29E900F2267E /* EZPlayer.swift */,
				27B9D60F2AFE29E900F2267E /* EZPlayer.xcassets */,
				27B9D6102AFE29E900F2267E /* EZPlayerAudibleLegibleViewController.swift */,
				27B9D6162AFE29E900F2267E /* EZPlayerAudibleLegibleViewController.xib */,
				27B9D6212AFE29E900F2267E /* EZPlayerAVAssetResourceLoaderDelegate.swift */,
				27B9D6192AFE29E900F2267E /* EZPlayerContentItem.swift */,
				27B9D60B2AFE29E900F2267E /* EZPlayerControlView.swift */,
				27B9D61E2AFE29E900F2267E /* EZPlayerControlView.xib */,
				27B9D6122AFE29E900F2267E /* EZPlayerDelegate.swift */,
				27B9D61A2AFE29E900F2267E /* EZPlayerFairPlayResourceLoaderDelegate.swift */,
				27B9D60E2AFE29E900F2267E /* EZPlayerFullScreenViewController.swift */,
				27B9D61B2AFE29E900F2267E /* EZPlayerLoading.swift */,
				27B9D6242AFE29E900F2267E /* EZPlayerNotification.swift */,
				27B9D61D2AFE29E900F2267E /* EZPlayerThumbnail.swift */,
				27B9D6202AFE29E900F2267E /* EZPlayerTransport.swift */,
				27B9D6112AFE29E900F2267E /* EZPlayerTransportExtension.swift */,
				27B9D60D2AFE29E900F2267E /* EZPlayerUtils.swift */,
				27B9D6142AFE29E900F2267E /* EZPlayerView.swift */,
				27B9D6182AFE29E900F2267E /* EZPlayerWindowContainer.swift */,
				27B9D61C2AFE29E900F2267E /* EZPlayerWindowContainerRootViewController.swift */,
				27B9D6132AFE29E900F2267E /* EZPlayerWindowContainerRootViewController.xib */,
				27B9D6092AFE29E900F2267E /* EZPlayerWindowView.swift */,
				27B9D6232AFE29E900F2267E /* EZPlayerWindowView.xib */,
				27B9D6222AFE29E900F2267E /* Timer+EZPlayer.swift */,
				27B9D6432AFE2B8E00F2267E /* XibLoader.swift */,
			);
			path = EZPlayer;
			sourceTree = "<group>";
		};
		A6C55B631FA43E8300876D6C = {
			isa = PBXGroup;
			children = (
				A6C55B6E1FA43E8300876D6C /* react-native-ezplayer */,
				A6C55B6D1FA43E8300876D6C /* Products */,
				220B1F238342F62F5FB1EE46 /* Frameworks */,
			);
			sourceTree = "<group>";
		};
		A6C55B6D1FA43E8300876D6C /* Products */ = {
			isa = PBXGroup;
			children = (
				A6C55B6C1FA43E8300876D6C /* libreact-native-ezplayer.a */,
			);
			name = Products;
			sourceTree = "<group>";
		};
		A6C55B6E1FA43E8300876D6C /* react-native-ezplayer */ = {
			isa = PBXGroup;
			children = (
				27B9D6082AFE29E900F2267E /* EZPlayer */,
				A6C55B911FA4614D00876D6C /* EZRNPlayerView.swift */,
				A6C55B921FA4614D00876D6C /* EZRNPlayerViewBridge.h */,
				A6C55B931FA4614D00876D6C /* EZRNPlayerViewBridge.m */,
				A6C55B901FA4614C00876D6C /* EZRNPlayerViewManager.swift */,
				A6C55B8F1FA4614C00876D6C /* react-native-ezplayer-Bridging-Header.h */,
			);
			path = "react-native-ezplayer";
			sourceTree = "<group>";
		};
/* End PBXGroup section */

/* Begin PBXNativeTarget section */
		A6C55B6B1FA43E8300876D6C /* react-native-ezplayer */ = {
			isa = PBXNativeTarget;
			buildConfigurationList = A6C55B751FA43E8300876D6C /* Build configuration list for PBXNativeTarget "react-native-ezplayer" */;
			buildPhases = (
				F483D6B93D137E5E99A9F66A /* [CP] Check Pods Manifest.lock */,
				A6C55B681FA43E8300876D6C /* Sources */,
				A6C55B691FA43E8300876D6C /* Frameworks */,
				A6C55B6A1FA43E8300876D6C /* CopyFiles */,
				27B9D63E2AFE2AF700F2267E /* Resources */,
			);
			buildRules = (
			);
			dependencies = (
			);
			name = "react-native-ezplayer";
			productName = "react-native-ezplayer";
			productReference = A6C55B6C1FA43E8300876D6C /* libreact-native-ezplayer.a */;
			productType = "com.apple.product-type.library.static";
		};
/* End PBXNativeTarget section */

/* Begin PBXProject section */
		A6C55B641FA43E8300876D6C /* Project object */ = {
			isa = PBXProject;
			attributes = {
				LastUpgradeCheck = 0900;
				ORGANIZATIONNAME = "Zhu yangjun";
				TargetAttributes = {
					A6C55B6B1FA43E8300876D6C = {
						CreatedOnToolsVersion = 9.0.1;
						LastSwiftMigration = 0900;
						ProvisioningStyle = Automatic;
					};
				};
			};
			buildConfigurationList = A6C55B671FA43E8300876D6C /* Build configuration list for PBXProject "react-native-ezplayer" */;
			compatibilityVersion = "Xcode 8.0";
			developmentRegion = en;
			hasScannedForEncodings = 0;
			knownRegions = (
				en,
			);
			mainGroup = A6C55B631FA43E8300876D6C;
			productRefGroup = A6C55B6D1FA43E8300876D6C /* Products */;
			projectDirPath = "";
			projectRoot = "";
			targets = (
				A6C55B6B1FA43E8300876D6C /* react-native-ezplayer */,
			);
		};
/* End PBXProject section */

/* Begin PBXResourcesBuildPhase section */
		27B9D63E2AFE2AF700F2267E /* Resources */ = {
			isa = PBXResourcesBuildPhase;
			buildActionMask = 2147483647;
			files = (
				27B9D6562AFF1A0600F2267E /* EZPlayerAudibleLegibleViewController.xib in Resources */,
				27B9D65B2AFF1E8900F2267E /* EZPlayer.bundle in Resources */,
				27B9D6572AFF1A0600F2267E /* EZPlayerControlView.xib in Resources */,
				27B9D6582AFF1A0600F2267E /* EZPlayerWindowContainerRootViewController.xib in Resources */,
				27B9D6592AFF1A0600F2267E /* EZPlayerWindowView.xib in Resources */,
			);
			runOnlyForDeploymentPostprocessing = 0;
		};
/* End PBXResourcesBuildPhase section */

/* Begin PBXShellScriptBuildPhase section */
		F483D6B93D137E5E99A9F66A /* [CP] Check Pods Manifest.lock */ = {
			isa = PBXShellScriptBuildPhase;
			buildActionMask = 2147483647;
			files = (
			);
			inputFileListPaths = (
			);
			inputPaths = (
				"${PODS_PODFILE_DIR_PATH}/Podfile.lock",
				"${PODS_ROOT}/Manifest.lock",
			);
			name = "[CP] Check Pods Manifest.lock";
			outputFileListPaths = (
			);
			outputPaths = (
				"$(DERIVED_FILE_DIR)/Pods-react-native-ezplayer-checkManifestLockResult.txt",
			);
			runOnlyForDeploymentPostprocessing = 0;
			shellPath = /bin/sh;
			shellScript = "diff \"${PODS_PODFILE_DIR_PATH}/Podfile.lock\" \"${PODS_ROOT}/Manifest.lock\" > /dev/null\nif [ $? != 0 ] ; then\n    # print error to STDERR\n    echo \"error: The sandbox is not in sync with the Podfile.lock. Run 'pod install' or update your CocoaPods installation.\" >&2\n    exit 1\nfi\n# This output is used by Xcode 'outputs' to avoid re-running this script phase.\necho \"SUCCESS\" > \"${SCRIPT_OUTPUT_FILE_0}\"\n";
			showEnvVarsInLog = 0;
		};
/* End PBXShellScriptBuildPhase section */

/* Begin PBXSourcesBuildPhase section */
		A6C55B681FA43E8300876D6C /* Sources */ = {
			isa = PBXSourcesBuildPhase;
			buildActionMask = 2147483647;
			files = (
				27B9D6382AFE29E900F2267E /* AVPlayerItem+EZPlayer.swift in Sources */,
				27B9D6352AFE29E900F2267E /* EZPlayerLoading.swift in Sources */,
				A6C55B941FA4614D00876D6C /* EZRNPlayerViewManager.swift in Sources */,
				27B9D6392AFE29E900F2267E /* EZPlayerTransport.swift in Sources */,
				27B9D6282AFE29E900F2267E /* EZPlayer.swift in Sources */,
				A6C55B961FA4614D00876D6C /* EZRNPlayerViewBridge.m in Sources */,
				27B9D62B2AFE29E900F2267E /* EZPlayerUtils.swift in Sources */,
				27B9D6302AFE29E900F2267E /* EZPlayerView.swift in Sources */,
				27B9D6342AFE29E900F2267E /* EZPlayerFairPlayResourceLoaderDelegate.swift in Sources */,
				27B9D62F2AFE29E900F2267E /* EZPlayerDelegate.swift in Sources */,
				27B9D6272AFE29E900F2267E /* EZPlayerWindowView.swift in Sources */,
				27B9D62E2AFE29E900F2267E /* EZPlayerTransportExtension.swift in Sources */,
				27B9D62A2AFE29E900F2267E /* Delay.swift in Sources */,
				27B9D62D2AFE29E900F2267E /* EZPlayerAudibleLegibleViewController.swift in Sources */,
				27B9D63A2AFE29E900F2267E /* EZPlayerAVAssetResourceLoaderDelegate.swift in Sources */,
				27B9D6332AFE29E900F2267E /* EZPlayerContentItem.swift in Sources */,
				27B9D6442AFE2B8E00F2267E /* XibLoader.swift in Sources */,
				27B9D63C2AFE29E900F2267E /* EZPlayerNotification.swift in Sources */,
				27B9D6292AFE29E900F2267E /* EZPlayerControlView.swift in Sources */,
				27B9D6362AFE29E900F2267E /* EZPlayerWindowContainerRootViewController.swift in Sources */,
				27B9D63D2AFE29E900F2267E /* AVAsset+EZPlayer.swift in Sources */,
				27B9D6312AFE29E900F2267E /* AVPlayer+EZPlayer.swift in Sources */,
				A6C55B951FA4614D00876D6C /* EZRNPlayerView.swift in Sources */,
				27B9D6322AFE29E900F2267E /* EZPlayerWindowContainer.swift in Sources */,
				27B9D6372AFE29E900F2267E /* EZPlayerThumbnail.swift in Sources */,
				27B9D62C2AFE29E900F2267E /* EZPlayerFullScreenViewController.swift in Sources */,
				27B9D63B2AFE29E900F2267E /* Timer+EZPlayer.swift in Sources */,
			);
			runOnlyForDeploymentPostprocessing = 0;
		};
/* End PBXSourcesBuildPhase section */

/* Begin XCBuildConfiguration section */
		A6C55B731FA43E8300876D6C /* Debug */ = {
			isa = XCBuildConfiguration;
			buildSettings = {
				ALWAYS_SEARCH_USER_PATHS = NO;
				CLANG_ANALYZER_NONNULL = YES;
				CLANG_ANALYZER_NUMBER_OBJECT_CONVERSION = YES_AGGRESSIVE;
				CLANG_CXX_LANGUAGE_STANDARD = "gnu++14";
				CLANG_CXX_LIBRARY = "libc++";
				CLANG_ENABLE_MODULES = YES;
				CLANG_ENABLE_OBJC_ARC = YES;
				CLANG_WARN_BLOCK_CAPTURE_AUTORELEASING = YES;
				CLANG_WARN_BOOL_CONVERSION = YES;
				CLANG_WARN_COMMA = YES;
				CLANG_WARN_CONSTANT_CONVERSION = YES;
				CLANG_WARN_DIRECT_OBJC_ISA_USAGE = YES_ERROR;
				CLANG_WARN_DOCUMENTATION_COMMENTS = YES;
				CLANG_WARN_EMPTY_BODY = YES;
				CLANG_WARN_ENUM_CONVERSION = YES;
				CLANG_WARN_INFINITE_RECURSION = YES;
				CLANG_WARN_INT_CONVERSION = YES;
				CLANG_WARN_NON_LITERAL_NULL_CONVERSION = YES;
				CLANG_WARN_OBJC_LITERAL_CONVERSION = YES;
				CLANG_WARN_OBJC_ROOT_CLASS = YES_ERROR;
				CLANG_WARN_RANGE_LOOP_ANALYSIS = YES;
				CLANG_WARN_STRICT_PROTOTYPES = YES;
				CLANG_WARN_SUSPICIOUS_MOVE = YES;
				CLANG_WARN_UNGUARDED_AVAILABILITY = YES_AGGRESSIVE;
				CLANG_WARN_UNREACHABLE_CODE = YES;
				CLANG_WARN__DUPLICATE_METHOD_MATCH = YES;
				CODE_SIGN_IDENTITY = "iPhone Developer";
				COPY_PHASE_STRIP = NO;
				DEBUG_INFORMATION_FORMAT = dwarf;
				ENABLE_BITCODE = NO;
				ENABLE_STRICT_OBJC_MSGSEND = YES;
				ENABLE_TESTABILITY = YES;
				GCC_C_LANGUAGE_STANDARD = gnu11;
				GCC_DYNAMIC_NO_PIC = NO;
				GCC_NO_COMMON_BLOCKS = YES;
				GCC_OPTIMIZATION_LEVEL = 0;
				GCC_PREPROCESSOR_DEFINITIONS = (
					"DEBUG=1",
					"$(inherited)",
				);
				GCC_WARN_64_TO_32_BIT_CONVERSION = YES;
				GCC_WARN_ABOUT_RETURN_TYPE = YES_ERROR;
				GCC_WARN_UNDECLARED_SELECTOR = YES;
				GCC_WARN_UNINITIALIZED_AUTOS = YES_AGGRESSIVE;
				GCC_WARN_UNUSED_FUNCTION = YES;
				GCC_WARN_UNUSED_VARIABLE = YES;
				IPHONEOS_DEPLOYMENT_TARGET = 12.0;
				MTL_ENABLE_DEBUG_INFO = YES;
				ONLY_ACTIVE_ARCH = YES;
				SDKROOT = iphoneos;
			};
			name = Debug;
		};
		A6C55B741FA43E8300876D6C /* Release */ = {
			isa = XCBuildConfiguration;
			buildSettings = {
				ALWAYS_SEARCH_USER_PATHS = NO;
				CLANG_ANALYZER_NONNULL = YES;
				CLANG_ANALYZER_NUMBER_OBJECT_CONVERSION = YES_AGGRESSIVE;
				CLANG_CXX_LANGUAGE_STANDARD = "gnu++14";
				CLANG_CXX_LIBRARY = "libc++";
				CLANG_ENABLE_MODULES = YES;
				CLANG_ENABLE_OBJC_ARC = YES;
				CLANG_WARN_BLOCK_CAPTURE_AUTORELEASING = YES;
				CLANG_WARN_BOOL_CONVERSION = YES;
				CLANG_WARN_COMMA = YES;
				CLANG_WARN_CONSTANT_CONVERSION = YES;
				CLANG_WARN_DIRECT_OBJC_ISA_USAGE = YES_ERROR;
				CLANG_WARN_DOCUMENTATION_COMMENTS = YES;
				CLANG_WARN_EMPTY_BODY = YES;
				CLANG_WARN_ENUM_CONVERSION = YES;
				CLANG_WARN_INFINITE_RECURSION = YES;
				CLANG_WARN_INT_CONVERSION = YES;
				CLANG_WARN_NON_LITERAL_NULL_CONVERSION = YES;
				CLANG_WARN_OBJC_LITERAL_CONVERSION = YES;
				CLANG_WARN_OBJC_ROOT_CLASS = YES_ERROR;
				CLANG_WARN_RANGE_LOOP_ANALYSIS = YES;
				CLANG_WARN_STRICT_PROTOTYPES = YES;
				CLANG_WARN_SUSPICIOUS_MOVE = YES;
				CLANG_WARN_UNGUARDED_AVAILABILITY = YES_AGGRESSIVE;
				CLANG_WARN_UNREACHABLE_CODE = YES;
				CLANG_WARN__DUPLICATE_METHOD_MATCH = YES;
				CODE_SIGN_IDENTITY = "iPhone Developer";
				COPY_PHASE_STRIP = NO;
				DEBUG_INFORMATION_FORMAT = "dwarf-with-dsym";
				ENABLE_BITCODE = NO;
				ENABLE_NS_ASSERTIONS = NO;
				ENABLE_STRICT_OBJC_MSGSEND = YES;
				GCC_C_LANGUAGE_STANDARD = gnu11;
				GCC_NO_COMMON_BLOCKS = YES;
				GCC_WARN_64_TO_32_BIT_CONVERSION = YES;
				GCC_WARN_ABOUT_RETURN_TYPE = YES_ERROR;
				GCC_WARN_UNDECLARED_SELECTOR = YES;
				GCC_WARN_UNINITIALIZED_AUTOS = YES_AGGRESSIVE;
				GCC_WARN_UNUSED_FUNCTION = YES;
				GCC_WARN_UNUSED_VARIABLE = YES;
				IPHONEOS_DEPLOYMENT_TARGET = 12.0;
				MTL_ENABLE_DEBUG_INFO = NO;
				SDKROOT = iphoneos;
				VALIDATE_PRODUCT = YES;
			};
			name = Release;
		};
		A6C55B761FA43E8300876D6C /* Debug */ = {
			isa = XCBuildConfiguration;
			buildSettings = {
				CLANG_ENABLE_MODULES = YES;
				CODE_SIGN_STYLE = Automatic;
				FRAMEWORK_SEARCH_PATHS = (
					"$(inherited)",
					"$(PROJECT_DIR)/react-native-ezplayer",
				);
				IPHONEOS_DEPLOYMENT_TARGET = 12.0;
				LD_RUNPATH_SEARCH_PATHS = "$(inherited) @executable_path/Frameworks @loader_path/Frameworks";
				OTHER_LDFLAGS = "-ObjC";
				PRODUCT_NAME = "$(TARGET_NAME)";
				SKIP_INSTALL = YES;
				SWIFT_OBJC_BRIDGING_HEADER = "react-native-ezplayer/react-native-ezplayer-Bridging-Header.h";
				SWIFT_OPTIMIZATION_LEVEL = "-Onone";
				SWIFT_VERSION = 5.0;
				TARGETED_DEVICE_FAMILY = "1,2";
			};
			name = Debug;
		};
		A6C55B771FA43E8300876D6C /* Release */ = {
			isa = XCBuildConfiguration;
			buildSettings = {
				CLANG_ENABLE_MODULES = YES;
				CODE_SIGN_STYLE = Automatic;
				FRAMEWORK_SEARCH_PATHS = (
					"$(inherited)",
					"$(PROJECT_DIR)/react-native-ezplayer",
				);
				IPHONEOS_DEPLOYMENT_TARGET = 12.0;
				LD_RUNPATH_SEARCH_PATHS = "$(inherited) @executable_path/Frameworks @loader_path/Frameworks";
				OTHER_LDFLAGS = "-ObjC";
				PRODUCT_NAME = "$(TARGET_NAME)";
				SKIP_INSTALL = YES;
				SWIFT_OBJC_BRIDGING_HEADER = "react-native-ezplayer/react-native-ezplayer-Bridging-Header.h";
				SWIFT_VERSION = 5.0;
				TARGETED_DEVICE_FAMILY = "1,2";
			};
			name = Release;
		};
/* End XCBuildConfiguration section */

/* Begin XCConfigurationList section */
		A6C55B671FA43E8300876D6C /* Build configuration list for PBXProject "react-native-ezplayer" */ = {
			isa = XCConfigurationList;
			buildConfigurations = (
				A6C55B731FA43E8300876D6C /* Debug */,
				A6C55B741FA43E8300876D6C /* Release */,
			);
			defaultConfigurationIsVisible = 0;
			defaultConfigurationName = Release;
		};
		A6C55B751FA43E8300876D6C /* Build configuration list for PBXNativeTarget "react-native-ezplayer" */ = {
			isa = XCConfigurationList;
			buildConfigurations = (
				A6C55B761FA43E8300876D6C /* Debug */,
				A6C55B771FA43E8300876D6C /* Release */,
			);
			defaultConfigurationIsVisible = 0;
			defaultConfigurationName = Release;
		};
/* End XCConfigurationList section */
	};
	rootObject = A6C55B641FA43E8300876D6C /* Project object */;
}
